// !$*UTF8*$!
{
	archiveVersion = 1;
	classes = {
	};
	objectVersion = 50;
	objects = {

/* Begin PBXBuildFile section */
		FA1F968821F4E570004A83A8 /* MemoryIOAdapter.swift in Sources */ = {isa = PBXBuildFile; fileRef = FA1F968721F4E570004A83A8 /* MemoryIOAdapter.swift */; };
		FA56E6A021F4951500EFAEB6 /* main.swift in Sources */ = {isa = PBXBuildFile; fileRef = FA56E69F21F4951500EFAEB6 /* main.swift */; };
		FA56E73321F4CC3000EFAEB6 /* BoringSSL.framework in Frameworks */ = {isa = PBXBuildFile; fileRef = FA56E72F21F4CC3000EFAEB6 /* BoringSSL.framework */; };
		FA56E73421F4CC3000EFAEB6 /* SwiftProtobuf.framework in Frameworks */ = {isa = PBXBuildFile; fileRef = FA56E73021F4CC3000EFAEB6 /* SwiftProtobuf.framework */; };
		FA56E73521F4CC3000EFAEB6 /* CgRPC.framework in Frameworks */ = {isa = PBXBuildFile; fileRef = FA56E73121F4CC3000EFAEB6 /* CgRPC.framework */; };
		FA56E73621F4CC3000EFAEB6 /* SwiftGRPC.framework in Frameworks */ = {isa = PBXBuildFile; fileRef = FA56E73221F4CC3000EFAEB6 /* SwiftGRPC.framework */; };
		FA56E73921F4CCA600EFAEB6 /* libz.tbd in Frameworks */ = {isa = PBXBuildFile; fileRef = FA56E73821F4CCA600EFAEB6 /* libz.tbd */; };
		FA56E74021F4CE4800EFAEB6 /* API.pb.swift in Sources */ = {isa = PBXBuildFile; fileRef = FA56E73C21F4CE4300EFAEB6 /* API.pb.swift */; };
		FA56E74121F4CE4800EFAEB6 /* API.grpc.swift in Sources */ = {isa = PBXBuildFile; fileRef = FA56E73D21F4CE4300EFAEB6 /* API.grpc.swift */; };
		FA56E74C21F4D00900EFAEB6 /* Coordinator.swift in Sources */ = {isa = PBXBuildFile; fileRef = FA56E74721F4D00800EFAEB6 /* Coordinator.swift */; };
		FA56E74D21F4D00900EFAEB6 /* TargetMemoryIO.m in Sources */ = {isa = PBXBuildFile; fileRef = FA56E74A21F4D00800EFAEB6 /* TargetMemoryIO.m */; };
		FA56E75621F4D37F00EFAEB6 /* main.swift in Sources */ = {isa = PBXBuildFile; fileRef = FA56E75521F4D37F00EFAEB6 /* main.swift */; };
		FA56E75A21F4D3A700EFAEB6 /* BoringSSL.framework in Frameworks */ = {isa = PBXBuildFile; fileRef = FA56E72F21F4CC3000EFAEB6 /* BoringSSL.framework */; };
		FA56E75B21F4D3A700EFAEB6 /* CgRPC.framework in Frameworks */ = {isa = PBXBuildFile; fileRef = FA56E73121F4CC3000EFAEB6 /* CgRPC.framework */; };
		FA56E75C21F4D3A700EFAEB6 /* SwiftGRPC.framework in Frameworks */ = {isa = PBXBuildFile; fileRef = FA56E73221F4CC3000EFAEB6 /* SwiftGRPC.framework */; };
		FA56E75D21F4D3A700EFAEB6 /* SwiftProtobuf.framework in Frameworks */ = {isa = PBXBuildFile; fileRef = FA56E73021F4CC3000EFAEB6 /* SwiftProtobuf.framework */; };
		FA56E75E21F4D3C700EFAEB6 /* API.pb.swift in Sources */ = {isa = PBXBuildFile; fileRef = FA56E73C21F4CE4300EFAEB6 /* API.pb.swift */; };
		FA56E75F21F4D3FF00EFAEB6 /* API.grpc.swift in Sources */ = {isa = PBXBuildFile; fileRef = FA56E73D21F4CE4300EFAEB6 /* API.grpc.swift */; };
		FA56E76021F4D45100EFAEB6 /* libz.tbd in Frameworks */ = {isa = PBXBuildFile; fileRef = FA56E73821F4CCA600EFAEB6 /* libz.tbd */; };
/* End PBXBuildFile section */

/* Begin PBXCopyFilesBuildPhase section */
		FA56E69A21F4951500EFAEB6 /* CopyFiles */ = {
			isa = PBXCopyFilesBuildPhase;
			buildActionMask = 2147483647;
			dstPath = /usr/share/man/man1/;
			dstSubfolderSpec = 0;
			files = (
			);
			runOnlyForDeploymentPostprocessing = 1;
		};
		FA56E75121F4D37F00EFAEB6 /* CopyFiles */ = {
			isa = PBXCopyFilesBuildPhase;
			buildActionMask = 2147483647;
			dstPath = /usr/share/man/man1/;
			dstSubfolderSpec = 0;
			files = (
			);
			runOnlyForDeploymentPostprocessing = 1;
		};
/* End PBXCopyFilesBuildPhase section */

/* Begin PBXFileReference section */
		FA1F968721F4E570004A83A8 /* MemoryIOAdapter.swift */ = {isa = PBXFileReference; fileEncoding = 4; lastKnownFileType = sourcecode.swift; path = MemoryIOAdapter.swift; sourceTree = "<group>"; };
		FA56E69C21F4951500EFAEB6 /* ForeignAppController */ = {isa = PBXFileReference; explicitFileType = "compiled.mach-o.executable"; includeInIndex = 0; path = ForeignAppController; sourceTree = BUILT_PRODUCTS_DIR; };
		FA56E69F21F4951500EFAEB6 /* main.swift */ = {isa = PBXFileReference; lastKnownFileType = sourcecode.swift; path = main.swift; sourceTree = "<group>"; };
		FA56E72F21F4CC3000EFAEB6 /* BoringSSL.framework */ = {isa = PBXFileReference; lastKnownFileType = wrapper.framework; path = BoringSSL.framework; sourceTree = "<group>"; };
		FA56E73021F4CC3000EFAEB6 /* SwiftProtobuf.framework */ = {isa = PBXFileReference; lastKnownFileType = wrapper.framework; path = SwiftProtobuf.framework; sourceTree = "<group>"; };
		FA56E73121F4CC3000EFAEB6 /* CgRPC.framework */ = {isa = PBXFileReference; lastKnownFileType = wrapper.framework; path = CgRPC.framework; sourceTree = "<group>"; };
		FA56E73221F4CC3000EFAEB6 /* SwiftGRPC.framework */ = {isa = PBXFileReference; lastKnownFileType = wrapper.framework; path = SwiftGRPC.framework; sourceTree = "<group>"; };
		FA56E73821F4CCA600EFAEB6 /* libz.tbd */ = {isa = PBXFileReference; lastKnownFileType = "sourcecode.text-based-dylib-definition"; name = libz.tbd; path = usr/lib/libz.tbd; sourceTree = SDKROOT; };
		FA56E73C21F4CE4300EFAEB6 /* API.pb.swift */ = {isa = PBXFileReference; fileEncoding = 4; lastKnownFileType = sourcecode.swift; path = API.pb.swift; sourceTree = "<group>"; };
		FA56E73D21F4CE4300EFAEB6 /* API.grpc.swift */ = {isa = PBXFileReference; fileEncoding = 4; lastKnownFileType = sourcecode.swift; path = API.grpc.swift; sourceTree = "<group>"; };
		FA56E73F21F4CE4300EFAEB6 /* API.proto */ = {isa = PBXFileReference; fileEncoding = 4; lastKnownFileType = sourcecode.protobuf; path = API.proto; sourceTree = "<group>"; };
		FA56E74721F4D00800EFAEB6 /* Coordinator.swift */ = {isa = PBXFileReference; fileEncoding = 4; lastKnownFileType = sourcecode.swift; path = Coordinator.swift; sourceTree = "<group>"; };
		FA56E74821F4D00800EFAEB6 /* ForeignAppController-Bridging-Header.h */ = {isa = PBXFileReference; fileEncoding = 4; lastKnownFileType = sourcecode.c.h; path = "ForeignAppController-Bridging-Header.h"; sourceTree = "<group>"; };
		FA56E74921F4D00800EFAEB6 /* TargetMemoryIO.h */ = {isa = PBXFileReference; fileEncoding = 4; lastKnownFileType = sourcecode.c.h; path = TargetMemoryIO.h; sourceTree = "<group>"; };
		FA56E74A21F4D00800EFAEB6 /* TargetMemoryIO.m */ = {isa = PBXFileReference; fileEncoding = 4; lastKnownFileType = sourcecode.c.objc; path = TargetMemoryIO.m; sourceTree = "<group>"; };
		FA56E75321F4D37F00EFAEB6 /* example-fac-client */ = {isa = PBXFileReference; explicitFileType = "compiled.mach-o.executable"; includeInIndex = 0; path = "example-fac-client"; sourceTree = BUILT_PRODUCTS_DIR; };
		FA56E75521F4D37F00EFAEB6 /* main.swift */ = {isa = PBXFileReference; lastKnownFileType = sourcecode.swift; path = main.swift; sourceTree = "<group>"; };
/* End PBXFileReference section */

/* Begin PBXFrameworksBuildPhase section */
		FA56E69921F4951500EFAEB6 /* Frameworks */ = {
			isa = PBXFrameworksBuildPhase;
			buildActionMask = 2147483647;
			files = (
				FA56E73921F4CCA600EFAEB6 /* libz.tbd in Frameworks */,
				FA56E73621F4CC3000EFAEB6 /* SwiftGRPC.framework in Frameworks */,
				FA56E73521F4CC3000EFAEB6 /* CgRPC.framework in Frameworks */,
				FA56E73321F4CC3000EFAEB6 /* BoringSSL.framework in Frameworks */,
				FA56E73421F4CC3000EFAEB6 /* SwiftProtobuf.framework in Frameworks */,
			);
			runOnlyForDeploymentPostprocessing = 0;
		};
		FA56E75021F4D37F00EFAEB6 /* Frameworks */ = {
			isa = PBXFrameworksBuildPhase;
			buildActionMask = 2147483647;
			files = (
				FA56E76021F4D45100EFAEB6 /* libz.tbd in Frameworks */,
				FA56E75A21F4D3A700EFAEB6 /* BoringSSL.framework in Frameworks */,
				FA56E75B21F4D3A700EFAEB6 /* CgRPC.framework in Frameworks */,
				FA56E75C21F4D3A700EFAEB6 /* SwiftGRPC.framework in Frameworks */,
				FA56E75D21F4D3A700EFAEB6 /* SwiftProtobuf.framework in Frameworks */,
			);
			runOnlyForDeploymentPostprocessing = 0;
		};
/* End PBXFrameworksBuildPhase section */

/* Begin PBXGroup section */
		FA56E69321F4951500EFAEB6 = {
			isa = PBXGroup;
			children = (
				FA56E73A21F4CE4300EFAEB6 /* Services */,
				FA56E69E21F4951500EFAEB6 /* ForeignAppController */,
				FA56E75421F4D37F00EFAEB6 /* example-fac-client */,
				FA56E69D21F4951500EFAEB6 /* Products */,
				FA56E6C221F4C84200EFAEB6 /* Vendor */,
				FA56E73721F4CCA600EFAEB6 /* Frameworks */,
			);
			sourceTree = "<group>";
		};
		FA56E69D21F4951500EFAEB6 /* Products */ = {
			isa = PBXGroup;
			children = (
				FA56E69C21F4951500EFAEB6 /* ForeignAppController */,
				FA56E75321F4D37F00EFAEB6 /* example-fac-client */,
			);
			name = Products;
			sourceTree = "<group>";
		};
		FA56E69E21F4951500EFAEB6 /* ForeignAppController */ = {
			isa = PBXGroup;
			children = (
				FA56E69F21F4951500EFAEB6 /* main.swift */,
				FA1F968721F4E570004A83A8 /* MemoryIOAdapter.swift */,
				FA56E74721F4D00800EFAEB6 /* Coordinator.swift */,
				FA56E74821F4D00800EFAEB6 /* ForeignAppController-Bridging-Header.h */,
				FA56E74921F4D00800EFAEB6 /* TargetMemoryIO.h */,
				FA56E74A21F4D00800EFAEB6 /* TargetMemoryIO.m */,
			);
			path = ForeignAppController;
			sourceTree = "<group>";
		};
		FA56E6C221F4C84200EFAEB6 /* Vendor */ = {
			isa = PBXGroup;
			children = (
				FA56E72F21F4CC3000EFAEB6 /* BoringSSL.framework */,
				FA56E73121F4CC3000EFAEB6 /* CgRPC.framework */,
				FA56E73221F4CC3000EFAEB6 /* SwiftGRPC.framework */,
				FA56E73021F4CC3000EFAEB6 /* SwiftProtobuf.framework */,
			);
			path = Vendor;
			sourceTree = "<group>";
		};
		FA56E73721F4CCA600EFAEB6 /* Frameworks */ = {
			isa = PBXGroup;
			children = (
				FA56E73821F4CCA600EFAEB6 /* libz.tbd */,
			);
			name = Frameworks;
			sourceTree = "<group>";
		};
		FA56E73A21F4CE4300EFAEB6 /* Services */ = {
			isa = PBXGroup;
			children = (
				FA56E73B21F4CE4300EFAEB6 /* Generated */,
				FA56E73E21F4CE4300EFAEB6 /* Protos */,
			);
			path = Services;
			sourceTree = "<group>";
		};
		FA56E73B21F4CE4300EFAEB6 /* Generated */ = {
			isa = PBXGroup;
			children = (
				FA56E73C21F4CE4300EFAEB6 /* API.pb.swift */,
				FA56E73D21F4CE4300EFAEB6 /* API.grpc.swift */,
			);
			path = Generated;
			sourceTree = "<group>";
		};
		FA56E73E21F4CE4300EFAEB6 /* Protos */ = {
			isa = PBXGroup;
			children = (
				FA56E73F21F4CE4300EFAEB6 /* API.proto */,
			);
			path = Protos;
			sourceTree = "<group>";
		};
		FA56E75421F4D37F00EFAEB6 /* example-fac-client */ = {
			isa = PBXGroup;
			children = (
				FA56E75521F4D37F00EFAEB6 /* main.swift */,
			);
			path = "example-fac-client";
			sourceTree = "<group>";
		};
/* End PBXGroup section */

/* Begin PBXNativeTarget section */
		FA56E69B21F4951500EFAEB6 /* ForeignAppController */ = {
			isa = PBXNativeTarget;
			buildConfigurationList = FA56E6A321F4951500EFAEB6 /* Build configuration list for PBXNativeTarget "ForeignAppController" */;
			buildPhases = (
				FA56E69821F4951500EFAEB6 /* Sources */,
				FA56E69921F4951500EFAEB6 /* Frameworks */,
				FA56E69A21F4951500EFAEB6 /* CopyFiles */,
			);
			buildRules = (
			);
			dependencies = (
			);
			name = ForeignAppController;
			productName = ForeignAppController;
			productReference = FA56E69C21F4951500EFAEB6 /* ForeignAppController */;
			productType = "com.apple.product-type.tool";
		};
		FA56E75221F4D37F00EFAEB6 /* example-fac-client */ = {
			isa = PBXNativeTarget;
			buildConfigurationList = FA56E75721F4D37F00EFAEB6 /* Build configuration list for PBXNativeTarget "example-fac-client" */;
			buildPhases = (
				FA56E74F21F4D37F00EFAEB6 /* Sources */,
				FA56E75021F4D37F00EFAEB6 /* Frameworks */,
				FA56E75121F4D37F00EFAEB6 /* CopyFiles */,
			);
			buildRules = (
			);
			dependencies = (
			);
			name = "example-fac-client";
			productName = "example-fac-client";
			productReference = FA56E75321F4D37F00EFAEB6 /* example-fac-client */;
			productType = "com.apple.product-type.tool";
		};
/* End PBXNativeTarget section */

/* Begin PBXProject section */
		FA56E69421F4951500EFAEB6 /* Project object */ = {
			isa = PBXProject;
			attributes = {
				LastSwiftUpdateCheck = 1000;
				LastUpgradeCheck = 1000;
				ORGANIZATIONNAME = "Brand Amandli";
				TargetAttributes = {
					FA56E69B21F4951500EFAEB6 = {
						CreatedOnToolsVersion = 10.0;
						LastSwiftMigration = 1000;
					};
					FA56E75221F4D37F00EFAEB6 = {
						CreatedOnToolsVersion = 10.0;
					};
				};
			};
			buildConfigurationList = FA56E69721F4951500EFAEB6 /* Build configuration list for PBXProject "ForeignAppController" */;
			compatibilityVersion = "Xcode 9.3";
			developmentRegion = en;
			hasScannedForEncodings = 0;
			knownRegions = (
				en,
			);
			mainGroup = FA56E69321F4951500EFAEB6;
			productRefGroup = FA56E69D21F4951500EFAEB6 /* Products */;
			projectDirPath = "";
			projectRoot = "";
			targets = (
				FA56E69B21F4951500EFAEB6 /* ForeignAppController */,
				FA56E75221F4D37F00EFAEB6 /* example-fac-client */,
			);
		};
/* End PBXProject section */

/* Begin PBXSourcesBuildPhase section */
		FA56E69821F4951500EFAEB6 /* Sources */ = {
			isa = PBXSourcesBuildPhase;
			buildActionMask = 2147483647;
			files = (
				FA1F968821F4E570004A83A8 /* MemoryIOAdapter.swift in Sources */,
				FA56E6A021F4951500EFAEB6 /* main.swift in Sources */,
				FA56E74C21F4D00900EFAEB6 /* Coordinator.swift in Sources */,
				FA56E74D21F4D00900EFAEB6 /* TargetMemoryIO.m in Sources */,
				FA56E74021F4CE4800EFAEB6 /* API.pb.swift in Sources */,
				FA56E74121F4CE4800EFAEB6 /* API.grpc.swift in Sources */,
			);
			runOnlyForDeploymentPostprocessing = 0;
		};
		FA56E74F21F4D37F00EFAEB6 /* Sources */ = {
			isa = PBXSourcesBuildPhase;
			buildActionMask = 2147483647;
			files = (
				FA56E75621F4D37F00EFAEB6 /* main.swift in Sources */,
				FA56E75E21F4D3C700EFAEB6 /* API.pb.swift in Sources */,
				FA56E75F21F4D3FF00EFAEB6 /* API.grpc.swift in Sources */,
			);
			runOnlyForDeploymentPostprocessing = 0;
		};
/* End PBXSourcesBuildPhase section */

/* Begin XCBuildConfiguration section */
		FA56E6A121F4951500EFAEB6 /* Debug */ = {
			isa = XCBuildConfiguration;
			buildSettings = {
				ALWAYS_SEARCH_USER_PATHS = NO;
				CLANG_ANALYZER_NONNULL = YES;
				CLANG_ANALYZER_NUMBER_OBJECT_CONVERSION = YES_AGGRESSIVE;
				CLANG_CXX_LANGUAGE_STANDARD = "gnu++14";
				CLANG_CXX_LIBRARY = "libc++";
				CLANG_ENABLE_MODULES = YES;
				CLANG_ENABLE_OBJC_ARC = YES;
				CLANG_ENABLE_OBJC_WEAK = YES;
				CLANG_WARN_BLOCK_CAPTURE_AUTORELEASING = YES;
				CLANG_WARN_BOOL_CONVERSION = YES;
				CLANG_WARN_COMMA = YES;
				CLANG_WARN_CONSTANT_CONVERSION = YES;
				CLANG_WARN_DEPRECATED_OBJC_IMPLEMENTATIONS = YES;
				CLANG_WARN_DIRECT_OBJC_ISA_USAGE = YES_ERROR;
				CLANG_WARN_DOCUMENTATION_COMMENTS = YES;
				CLANG_WARN_EMPTY_BODY = YES;
				CLANG_WARN_ENUM_CONVERSION = YES;
				CLANG_WARN_INFINITE_RECURSION = YES;
				CLANG_WARN_INT_CONVERSION = YES;
				CLANG_WARN_NON_LITERAL_NULL_CONVERSION = YES;
				CLANG_WARN_OBJC_IMPLICIT_RETAIN_SELF = YES;
				CLANG_WARN_OBJC_LITERAL_CONVERSION = YES;
				CLANG_WARN_OBJC_ROOT_CLASS = YES_ERROR;
				CLANG_WARN_RANGE_LOOP_ANALYSIS = YES;
				CLANG_WARN_STRICT_PROTOTYPES = YES;
				CLANG_WARN_SUSPICIOUS_MOVE = YES;
				CLANG_WARN_UNGUARDED_AVAILABILITY = YES_AGGRESSIVE;
				CLANG_WARN_UNREACHABLE_CODE = YES;
				CLANG_WARN__DUPLICATE_METHOD_MATCH = YES;
				CODE_SIGN_IDENTITY = "Mac Developer";
				COPY_PHASE_STRIP = NO;
				DEBUG_INFORMATION_FORMAT = dwarf;
				ENABLE_STRICT_OBJC_MSGSEND = YES;
				ENABLE_TESTABILITY = YES;
				GCC_C_LANGUAGE_STANDARD = gnu11;
				GCC_DYNAMIC_NO_PIC = NO;
				GCC_NO_COMMON_BLOCKS = YES;
				GCC_OPTIMIZATION_LEVEL = 0;
				GCC_PREPROCESSOR_DEFINITIONS = (
					"DEBUG=1",
					"$(inherited)",
				);
				GCC_WARN_64_TO_32_BIT_CONVERSION = YES;
				GCC_WARN_ABOUT_RETURN_TYPE = YES_ERROR;
				GCC_WARN_UNDECLARED_SELECTOR = YES;
				GCC_WARN_UNINITIALIZED_AUTOS = YES_AGGRESSIVE;
				GCC_WARN_UNUSED_FUNCTION = YES;
				GCC_WARN_UNUSED_VARIABLE = YES;
				MACOSX_DEPLOYMENT_TARGET = 10.14;
				MTL_ENABLE_DEBUG_INFO = INCLUDE_SOURCE;
				MTL_FAST_MATH = YES;
				ONLY_ACTIVE_ARCH = YES;
				SDKROOT = macosx;
				SWIFT_ACTIVE_COMPILATION_CONDITIONS = DEBUG;
				SWIFT_OPTIMIZATION_LEVEL = "-Onone";
			};
			name = Debug;
		};
		FA56E6A221F4951500EFAEB6 /* Release */ = {
			isa = XCBuildConfiguration;
			buildSettings = {
				ALWAYS_SEARCH_USER_PATHS = NO;
				CLANG_ANALYZER_NONNULL = YES;
				CLANG_ANALYZER_NUMBER_OBJECT_CONVERSION = YES_AGGRESSIVE;
				CLANG_CXX_LANGUAGE_STANDARD = "gnu++14";
				CLANG_CXX_LIBRARY = "libc++";
				CLANG_ENABLE_MODULES = YES;
				CLANG_ENABLE_OBJC_ARC = YES;
				CLANG_ENABLE_OBJC_WEAK = YES;
				CLANG_WARN_BLOCK_CAPTURE_AUTORELEASING = YES;
				CLANG_WARN_BOOL_CONVERSION = YES;
				CLANG_WARN_COMMA = YES;
				CLANG_WARN_CONSTANT_CONVERSION = YES;
				CLANG_WARN_DEPRECATED_OBJC_IMPLEMENTATIONS = YES;
				CLANG_WARN_DIRECT_OBJC_ISA_USAGE = YES_ERROR;
				CLANG_WARN_DOCUMENTATION_COMMENTS = YES;
				CLANG_WARN_EMPTY_BODY = YES;
				CLANG_WARN_ENUM_CONVERSION = YES;
				CLANG_WARN_INFINITE_RECURSION = YES;
				CLANG_WARN_INT_CONVERSION = YES;
				CLANG_WARN_NON_LITERAL_NULL_CONVERSION = YES;
				CLANG_WARN_OBJC_IMPLICIT_RETAIN_SELF = YES;
				CLANG_WARN_OBJC_LITERAL_CONVERSION = YES;
				CLANG_WARN_OBJC_ROOT_CLASS = YES_ERROR;
				CLANG_WARN_RANGE_LOOP_ANALYSIS = YES;
				CLANG_WARN_STRICT_PROTOTYPES = YES;
				CLANG_WARN_SUSPICIOUS_MOVE = YES;
				CLANG_WARN_UNGUARDED_AVAILABILITY = YES_AGGRESSIVE;
				CLANG_WARN_UNREACHABLE_CODE = YES;
				CLANG_WARN__DUPLICATE_METHOD_MATCH = YES;
				CODE_SIGN_IDENTITY = "Mac Developer";
				COPY_PHASE_STRIP = NO;
				DEBUG_INFORMATION_FORMAT = "dwarf-with-dsym";
				ENABLE_NS_ASSERTIONS = NO;
				ENABLE_STRICT_OBJC_MSGSEND = YES;
				GCC_C_LANGUAGE_STANDARD = gnu11;
				GCC_NO_COMMON_BLOCKS = YES;
				GCC_WARN_64_TO_32_BIT_CONVERSION = YES;
				GCC_WARN_ABOUT_RETURN_TYPE = YES_ERROR;
				GCC_WARN_UNDECLARED_SELECTOR = YES;
				GCC_WARN_UNINITIALIZED_AUTOS = YES_AGGRESSIVE;
				GCC_WARN_UNUSED_FUNCTION = YES;
				GCC_WARN_UNUSED_VARIABLE = YES;
				MACOSX_DEPLOYMENT_TARGET = 10.14;
				MTL_ENABLE_DEBUG_INFO = NO;
				MTL_FAST_MATH = YES;
				SDKROOT = macosx;
				SWIFT_COMPILATION_MODE = wholemodule;
				SWIFT_OPTIMIZATION_LEVEL = "-O";
			};
			name = Release;
		};
		FA56E6A421F4951500EFAEB6 /* Debug */ = {
			isa = XCBuildConfiguration;
			buildSettings = {
				CLANG_ENABLE_MODULES = YES;
				CODE_SIGN_STYLE = Automatic;
				DEVELOPMENT_TEAM = A72LSA5UB5;
				FRAMEWORK_SEARCH_PATHS = (
					"$(inherited)",
					"$(PROJECT_DIR)",
					"$(PROJECT_DIR)/Vendor",
				);
				LD_RUNPATH_SEARCH_PATHS = (
					"$(inherited)",
					"@executable_path/../Frameworks",
					"@loader_path/../Frameworks",
				);
				PRODUCT_NAME = "$(TARGET_NAME)";
				SWIFT_OBJC_BRIDGING_HEADER = "ForeignAppController/ForeignAppController-Bridging-Header.h";
				SWIFT_OPTIMIZATION_LEVEL = "-Onone";
				SWIFT_VERSION = 4.2;
			};
			name = Debug;
		};
		FA56E6A521F4951500EFAEB6 /* Release */ = {
			isa = XCBuildConfiguration;
			buildSettings = {
				CLANG_ENABLE_MODULES = YES;
				CODE_SIGN_STYLE = Automatic;
				DEVELOPMENT_TEAM = A72LSA5UB5;
				FRAMEWORK_SEARCH_PATHS = (
					"$(inherited)",
					"$(PROJECT_DIR)",
					"$(PROJECT_DIR)/Vendor",
				);
				LD_RUNPATH_SEARCH_PATHS = (
					"$(inherited)",
					"@executable_path/../Frameworks",
					"@loader_path/../Frameworks",
				);
				PRODUCT_NAME = "$(TARGET_NAME)";
				SWIFT_OBJC_BRIDGING_HEADER = "ForeignAppController/ForeignAppController-Bridging-Header.h";
				SWIFT_VERSION = 4.2;
			};
			name = Release;
		};
		FA56E75821F4D37F00EFAEB6 /* Debug */ = {
			isa = XCBuildConfiguration;
			buildSettings = {
				CODE_SIGN_STYLE = Automatic;
				DEVELOPMENT_TEAM = A72LSA5UB5;
				FRAMEWORK_SEARCH_PATHS = (
					"$(inherited)",
					"$(PROJECT_DIR)/Vendor",
				);
				PRODUCT_NAME = "$(TARGET_NAME)";
				SWIFT_VERSION = 4.2;
			};
			name = Debug;
		};
		FA56E75921F4D37F00EFAEB6 /* Release */ = {
			isa = XCBuildConfiguration;
			buildSettings = {
				CODE_SIGN_STYLE = Automatic;
				DEVELOPMENT_TEAM = A72LSA5UB5;
				FRAMEWORK_SEARCH_PATHS = (
					"$(inherited)",
					"$(PROJECT_DIR)/Vendor",
				);
				PRODUCT_NAME = "$(TARGET_NAME)";
				SWIFT_VERSION = 4.2;
			};
			name = Release;
		};
/* End XCBuildConfiguration section */

/* Begin XCConfigurationList section */
		FA56E69721F4951500EFAEB6 /* Build configuration list for PBXProject "ForeignAppController" */ = {
			isa = XCConfigurationList;
			buildConfigurations = (
				FA56E6A121F4951500EFAEB6 /* Debug */,
				FA56E6A221F4951500EFAEB6 /* Release */,
			);
			defaultConfigurationIsVisible = 0;
			defaultConfigurationName = Release;
		};
		FA56E6A321F4951500EFAEB6 /* Build configuration list for PBXNativeTarget "ForeignAppController" */ = {
			isa = XCConfigurationList;
			buildConfigurations = (
				FA56E6A421F4951500EFAEB6 /* Debug */,
				FA56E6A521F4951500EFAEB6 /* Release */,
			);
			defaultConfigurationIsVisible = 0;
			defaultConfigurationName = Release;
		};
		FA56E75721F4D37F00EFAEB6 /* Build configuration list for PBXNativeTarget "example-fac-client" */ = {
			isa = XCConfigurationList;
			buildConfigurations = (
				FA56E75821F4D37F00EFAEB6 /* Debug */,
				FA56E75921F4D37F00EFAEB6 /* Release */,
			);
			defaultConfigurationIsVisible = 0;
			defaultConfigurationName = Release;
		};
/* End XCConfigurationList section */
	};
	rootObject = FA56E69421F4951500EFAEB6 /* Project object */;
}
